
Microsoft Visual Studio Solution File, Format Version 12.00
# Visual Studio 15
VisualStudioVersion = 15.0.28010.2046
MinimumVisualStudioVersion = 10.0.40219.1
Project("{FAE04EC0-301F-11D3-BF4B-00C04F79EFBC}") = "Buzr", "Buzr\Buzr.csproj", "{9143D8F8-87EC-4821-9C56-4E4EE929B8EE}"
EndProject
Global
	GlobalSection(SolutionConfigurationPlatforms) = preSolution
		Debug|Any CPU = Debug|Any CPU
		Release|Any CPU = Release|Any CPU
	EndGlobalSection
	GlobalSection(ProjectConfigurationPlatforms) = postSolution
		{9143D8F8-87EC-4821-9C56-4E4EE929B8EE}.Debug|Any CPU.ActiveCfg = Debug|Any CPU
		{9143D8F8-87EC-4821-9C56-4E4EE929B8EE}.Debug|Any CPU.Build.0 = Debug|Any CPU
		{9143D8F8-87EC-4821-9C56-4E4EE929B8EE}.Release|Any CPU.ActiveCfg = Release|Any CPU
		{9143D8F8-87EC-4821-9C56-4E4EE929B8EE}.Release|Any CPU.Build.0 = Release|Any CPU
	EndGlobalSection
	GlobalSection(SolutionProperties) = preSolution
		HideSolutionNode = FALSE
	EndGlobalSection
	GlobalSection(ExtensibilityGlobals) = postSolution
		SolutionGuid = {28A215C3-1247-41E6-8D5D-DD5952FA29EA}
	EndGlobalSection
EndGlobal
